// !$*UTF8*$!
{
	archiveVersion = 1;
	classes = {
	};
	objectVersion = 48;
	objects = {

/* Begin PBXBuildFile section */
		9A1068DB1F060FB90016F605 /* DetailTVController.m in Sources */ = {isa = PBXBuildFile; fileRef = 9A1068DA1F060FB90016F605 /* DetailTVController.m */; };
		9A1068DF1F0746DA0016F605 /* NavigationController.m in Sources */ = {isa = PBXBuildFile; fileRef = 9A1068DE1F0746DA0016F605 /* NavigationController.m */; };
		9A9E31731F08985B009E630F /* AboutViewController.m in Sources */ = {isa = PBXBuildFile; fileRef = 9A9E31721F08985B009E630F /* AboutViewController.m */; };
		9AE4E69E1F03EED700A5422F /* AppDelegate.m in Sources */ = {isa = PBXBuildFile; fileRef = 9AE4E69D1F03EED700A5422F /* AppDelegate.m */; };
		9AE4E6A11F03EED700A5422F /* ViewController.m in Sources */ = {isa = PBXBuildFile; fileRef = 9AE4E6A01F03EED700A5422F /* ViewController.m */; };
		9AE4E6A41F03EED700A5422F /* Main.storyboard in Resources */ = {isa = PBXBuildFile; fileRef = 9AE4E6A21F03EED700A5422F /* Main.storyboard */; };
		9AE4E6A61F03EED700A5422F /* Assets.xcassets in Resources */ = {isa = PBXBuildFile; fileRef = 9AE4E6A51F03EED700A5422F /* Assets.xcassets */; };
		9AE4E6AC1F03EED700A5422F /* main.m in Sources */ = {isa = PBXBuildFile; fileRef = 9AE4E6AB1F03EED700A5422F /* main.m */; };
		9AE4E6B41F03F45B00A5422F /* ButtonCell.m in Sources */ = {isa = PBXBuildFile; fileRef = 9AE4E6B31F03F45B00A5422F /* ButtonCell.m */; };
		9AE4E6B71F03F60D00A5422F /* UIColor+KYRandomColor.m in Sources */ = {isa = PBXBuildFile; fileRef = 9AE4E6B51F03F60700A5422F /* UIColor+KYRandomColor.m */; };
		9AE4E6BD1F03FAF400A5422F /* DetailCell.m in Sources */ = {isa = PBXBuildFile; fileRef = 9AE4E6BC1F03FAF400A5422F /* DetailCell.m */; };
		9AE4E6C01F04019F00A5422F /* SubDetailViewController.m in Sources */ = {isa = PBXBuildFile; fileRef = 9AE4E6BF1F04019F00A5422F /* SubDetailViewController.m */; };
		9AE4E6C31F04043F00A5422F /* AddViewController.m in Sources */ = {isa = PBXBuildFile; fileRef = 9AE4E6C21F04043F00A5422F /* AddViewController.m */; };
		9AE4E6F51F04976200A5422F /* AESCrypt.m in Sources */ = {isa = PBXBuildFile; fileRef = 9AE4E6EE1F04975B00A5422F /* AESCrypt.m */; };
		9AE4E6F61F04976800A5422F /* DBManager.m in Sources */ = {isa = PBXBuildFile; fileRef = 9AE4E6F31F04975B00A5422F /* DBManager.m */; };
		9AE4E6F71F04977000A5422F /* StoreManager.m in Sources */ = {isa = PBXBuildFile; fileRef = 9AE4E6F21F04975B00A5422F /* StoreManager.m */; };
		9AE4E6F81F04977F00A5422F /* NSData+Base64.m in Sources */ = {isa = PBXBuildFile; fileRef = 9AE4E6E31F04975100A5422F /* NSData+Base64.m */; };
		9AE4E6F91F04978200A5422F /* NSData+CommonCrypto.m in Sources */ = {isa = PBXBuildFile; fileRef = 9AE4E6DE1F04975100A5422F /* NSData+CommonCrypto.m */; };
		9AE4E6FA1F04978C00A5422F /* NSObject+Dictionary.m in Sources */ = {isa = PBXBuildFile; fileRef = 9AE4E6EA1F04975100A5422F /* NSObject+Dictionary.m */; };
		9AE4E6FB1F04979100A5422F /* NSString+Base64.m in Sources */ = {isa = PBXBuildFile; fileRef = 9AE4E6DF1F04975100A5422F /* NSString+Base64.m */; };
		9AE4E6FC1F04979300A5422F /* NSString+Utility.m in Sources */ = {isa = PBXBuildFile; fileRef = 9AE4E6DD1F04975100A5422F /* NSString+Utility.m */; };
		9AE4E6FD1F0497A800A5422F /* UIView+Utility.m in Sources */ = {isa = PBXBuildFile; fileRef = 9AE4E6E71F04975100A5422F /* UIView+Utility.m */; };
		9AE4E7051F04986100A5422F /* db005.m in Sources */ = {isa = PBXBuildFile; fileRef = 9AE4E7041F04985700A5422F /* db005.m */; };
		9AE4E7061F04986500A5422F /* ModelObject.m in Sources */ = {isa = PBXBuildFile; fileRef = 9AE4E7031F04985700A5422F /* ModelObject.m */; };
		9AE4E7101F049C5C00A5422F /* DownSelectView.m in Sources */ = {isa = PBXBuildFile; fileRef = 9AE4E70A1F049C5600A5422F /* DownSelectView.m */; };
		9AE4E7111F049C5F00A5422F /* DYYFloatWindow.m in Sources */ = {isa = PBXBuildFile; fileRef = 9AE4E70D1F049C5600A5422F /* DYYFloatWindow.m */; };
		AA49A06246CA91BDADE10909 /* libPods-MemoryProject.a in Frameworks */ = {isa = PBXBuildFile; fileRef = A0AC3D5F9509686F26A88A77 /* libPods-MemoryProject.a */; };
/* End PBXBuildFile section */

/* Begin PBXFileReference section */
		679395C2996CA8C9C21D8DA9 /* Pods-MemoryProject.release.xcconfig */ = {isa = PBXFileReference; includeInIndex = 1; lastKnownFileType = text.xcconfig; name = "Pods-MemoryProject.release.xcconfig"; path = "Pods/Target Support Files/Pods-MemoryProject/Pods-MemoryProject.release.xcconfig"; sourceTree = "<group>"; };
		7AF39EE1F0EFD6A21CABA768 /* Pods-MemoryProject.debug.xcconfig */ = {isa = PBXFileReference; includeInIndex = 1; lastKnownFileType = text.xcconfig; name = "Pods-MemoryProject.debug.xcconfig"; path = "Pods/Target Support Files/Pods-MemoryProject/Pods-MemoryProject.debug.xcconfig"; sourceTree = "<group>"; };
		9A1068D91F060FB90016F605 /* DetailTVController.h */ = {isa = PBXFileReference; lastKnownFileType = sourcecode.c.h; path = DetailTVController.h; sourceTree = "<group>"; };
		9A1068DA1F060FB90016F605 /* DetailTVController.m */ = {isa = PBXFileReference; lastKnownFileType = sourcecode.c.objc; path = DetailTVController.m; sourceTree = "<group>"; };
		9A1068DD1F0746DA0016F605 /* NavigationController.h */ = {isa = PBXFileReference; lastKnownFileType = sourcecode.c.h; path = NavigationController.h; sourceTree = "<group>"; };
		9A1068DE1F0746DA0016F605 /* NavigationController.m */ = {isa = PBXFileReference; lastKnownFileType = sourcecode.c.objc; path = NavigationController.m; sourceTree = "<group>"; };
		9A5452781F07E044003D8461 /* MessageUI.framework */ = {isa = PBXFileReference; lastKnownFileType = wrapper.framework; name = MessageUI.framework; path = System/Library/Frameworks/MessageUI.framework; sourceTree = SDKROOT; };
		9A9E31711F08985B009E630F /* AboutViewController.h */ = {isa = PBXFileReference; lastKnownFileType = sourcecode.c.h; path = AboutViewController.h; sourceTree = "<group>"; };
		9A9E31721F08985B009E630F /* AboutViewController.m */ = {isa = PBXFileReference; lastKnownFileType = sourcecode.c.objc; path = AboutViewController.m; sourceTree = "<group>"; };
		9AE4E6991F03EED700A5422F /* MemoryProject.app */ = {isa = PBXFileReference; explicitFileType = wrapper.application; includeInIndex = 0; path = MemoryProject.app; sourceTree = BUILT_PRODUCTS_DIR; };
		9AE4E69C1F03EED700A5422F /* AppDelegate.h */ = {isa = PBXFileReference; lastKnownFileType = sourcecode.c.h; path = AppDelegate.h; sourceTree = "<group>"; };
		9AE4E69D1F03EED700A5422F /* AppDelegate.m */ = {isa = PBXFileReference; lastKnownFileType = sourcecode.c.objc; path = AppDelegate.m; sourceTree = "<group>"; };
		9AE4E69F1F03EED700A5422F /* ViewController.h */ = {isa = PBXFileReference; lastKnownFileType = sourcecode.c.h; path = ViewController.h; sourceTree = "<group>"; };
		9AE4E6A01F03EED700A5422F /* ViewController.m */ = {isa = PBXFileReference; lastKnownFileType = sourcecode.c.objc; path = ViewController.m; sourceTree = "<group>"; };
		9AE4E6A31F03EED700A5422F /* Base */ = {isa = PBXFileReference; lastKnownFileType = file.storyboard; name = Base; path = Base.lproj/Main.storyboard; sourceTree = "<group>"; };
		9AE4E6A51F03EED700A5422F /* Assets.xcassets */ = {isa = PBXFileReference; lastKnownFileType = folder.assetcatalog; path = Assets.xcassets; sourceTree = "<group>"; };
		9AE4E6AA1F03EED700A5422F /* Info.plist */ = {isa = PBXFileReference; lastKnownFileType = text.plist.xml; path = Info.plist; sourceTree = "<group>"; };
		9AE4E6AB1F03EED700A5422F /* main.m */ = {isa = PBXFileReference; lastKnownFileType = sourcecode.c.objc; path = main.m; sourceTree = "<group>"; };
		9AE4E6B21F03F45B00A5422F /* ButtonCell.h */ = {isa = PBXFileReference; lastKnownFileType = sourcecode.c.h; path = ButtonCell.h; sourceTree = "<group>"; };
		9AE4E6B31F03F45B00A5422F /* ButtonCell.m */ = {isa = PBXFileReference; lastKnownFileType = sourcecode.c.objc; path = ButtonCell.m; sourceTree = "<group>"; };
		9AE4E6B51F03F60700A5422F /* UIColor+KYRandomColor.m */ = {isa = PBXFileReference; lastKnownFileType = sourcecode.c.objc; path = "UIColor+KYRandomColor.m"; sourceTree = "<group>"; };
		9AE4E6B61F03F60700A5422F /* UIColor+KYRandomColor.h */ = {isa = PBXFileReference; lastKnownFileType = sourcecode.c.h; path = "UIColor+KYRandomColor.h"; sourceTree = "<group>"; };
		9AE4E6BB1F03FAF400A5422F /* DetailCell.h */ = {isa = PBXFileReference; lastKnownFileType = sourcecode.c.h; path = DetailCell.h; sourceTree = "<group>"; };
		9AE4E6BC1F03FAF400A5422F /* DetailCell.m */ = {isa = PBXFileReference; lastKnownFileType = sourcecode.c.objc; path = DetailCell.m; sourceTree = "<group>"; };
		9AE4E6BE1F04019F00A5422F /* SubDetailViewController.h */ = {isa = PBXFileReference; lastKnownFileType = sourcecode.c.h; path = SubDetailViewController.h; sourceTree = "<group>"; };
		9AE4E6BF1F04019F00A5422F /* SubDetailViewController.m */ = {isa = PBXFileReference; lastKnownFileType = sourcecode.c.objc; path = SubDetailViewController.m; sourceTree = "<group>"; };
		9AE4E6C11F04043F00A5422F /* AddViewController.h */ = {isa = PBXFileReference; lastKnownFileType = sourcecode.c.h; path = AddViewController.h; sourceTree = "<group>"; };
		9AE4E6C21F04043F00A5422F /* AddViewController.m */ = {isa = PBXFileReference; lastKnownFileType = sourcecode.c.objc; path = AddViewController.m; sourceTree = "<group>"; };
		9AE4E6DD1F04975100A5422F /* NSString+Utility.m */ = {isa = PBXFileReference; lastKnownFileType = sourcecode.c.objc; path = "NSString+Utility.m"; sourceTree = "<group>"; };
		9AE4E6DE1F04975100A5422F /* NSData+CommonCrypto.m */ = {isa = PBXFileReference; lastKnownFileType = sourcecode.c.objc; path = "NSData+CommonCrypto.m"; sourceTree = "<group>"; };
		9AE4E6DF1F04975100A5422F /* NSString+Base64.m */ = {isa = PBXFileReference; lastKnownFileType = sourcecode.c.objc; path = "NSString+Base64.m"; sourceTree = "<group>"; };
		9AE4E6E11F04975100A5422F /* UIView+Utility.h */ = {isa = PBXFileReference; lastKnownFileType = sourcecode.c.h; path = "UIView+Utility.h"; sourceTree = "<group>"; };
		9AE4E6E21F04975100A5422F /* NSString+Base64.h */ = {isa = PBXFileReference; lastKnownFileType = sourcecode.c.h; path = "NSString+Base64.h"; sourceTree = "<group>"; };
		9AE4E6E31F04975100A5422F /* NSData+Base64.m */ = {isa = PBXFileReference; lastKnownFileType = sourcecode.c.objc; path = "NSData+Base64.m"; sourceTree = "<group>"; };
		9AE4E6E51F04975100A5422F /* NSObject+Dictionary.h */ = {isa = PBXFileReference; lastKnownFileType = sourcecode.c.h; path = "NSObject+Dictionary.h"; sourceTree = "<group>"; };
		9AE4E6E61F04975100A5422F /* NSData+CommonCrypto.h */ = {isa = PBXFileReference; lastKnownFileType = sourcecode.c.h; path = "NSData+CommonCrypto.h"; sourceTree = "<group>"; };
		9AE4E6E71F04975100A5422F /* UIView+Utility.m */ = {isa = PBXFileReference; lastKnownFileType = sourcecode.c.objc; path = "UIView+Utility.m"; sourceTree = "<group>"; };
		9AE4E6E81F04975100A5422F /* NSData+Base64.h */ = {isa = PBXFileReference; lastKnownFileType = sourcecode.c.h; path = "NSData+Base64.h"; sourceTree = "<group>"; };
		9AE4E6EA1F04975100A5422F /* NSObject+Dictionary.m */ = {isa = PBXFileReference; lastKnownFileType = sourcecode.c.objc; path = "NSObject+Dictionary.m"; sourceTree = "<group>"; };
		9AE4E6EB1F04975100A5422F /* NSString+Utility.h */ = {isa = PBXFileReference; lastKnownFileType = sourcecode.c.h; path = "NSString+Utility.h"; sourceTree = "<group>"; };
		9AE4E6ED1F04975B00A5422F /* AESCrypt.h */ = {isa = PBXFileReference; lastKnownFileType = sourcecode.c.h; path = AESCrypt.h; sourceTree = "<group>"; };
		9AE4E6EE1F04975B00A5422F /* AESCrypt.m */ = {isa = PBXFileReference; lastKnownFileType = sourcecode.c.objc; path = AESCrypt.m; sourceTree = "<group>"; };
		9AE4E6EF1F04975B00A5422F /* Encrypt.h */ = {isa = PBXFileReference; lastKnownFileType = sourcecode.c.h; path = Encrypt.h; sourceTree = "<group>"; };
		9AE4E6F01F04975B00A5422F /* StoreManager.h */ = {isa = PBXFileReference; lastKnownFileType = sourcecode.c.h; path = StoreManager.h; sourceTree = "<group>"; };
		9AE4E6F11F04975B00A5422F /* EnumDataType.h */ = {isa = PBXFileReference; lastKnownFileType = sourcecode.c.h; path = EnumDataType.h; sourceTree = "<group>"; };
		9AE4E6F21F04975B00A5422F /* StoreManager.m */ = {isa = PBXFileReference; lastKnownFileType = sourcecode.c.objc; path = StoreManager.m; sourceTree = "<group>"; };
		9AE4E6F31F04975B00A5422F /* DBManager.m */ = {isa = PBXFileReference; lastKnownFileType = sourcecode.c.objc; path = DBManager.m; sourceTree = "<group>"; };
		9AE4E6F41F04975B00A5422F /* DBManager.h */ = {isa = PBXFileReference; lastKnownFileType = sourcecode.c.h; path = DBManager.h; sourceTree = "<group>"; };
		9AE4E6FE1F0497D100A5422F /* Utility.h */ = {isa = PBXFileReference; lastKnownFileType = sourcecode.c.h; path = Utility.h; sourceTree = "<group>"; };
		9AE4E6FF1F04981500A5422F /* LocalAuthentication.framework */ = {isa = PBXFileReference; lastKnownFileType = wrapper.framework; name = LocalAuthentication.framework; path = System/Library/Frameworks/LocalAuthentication.framework; sourceTree = SDKROOT; };
		9AE4E7001F04982100A5422F /* libsqlite3.0.tbd */ = {isa = PBXFileReference; lastKnownFileType = "sourcecode.text-based-dylib-definition"; name = libsqlite3.0.tbd; path = usr/lib/libsqlite3.0.tbd; sourceTree = SDKROOT; };
		9AE4E7011F04985700A5422F /* ModelObject.h */ = {isa = PBXFileReference; lastKnownFileType = sourcecode.c.h; path = ModelObject.h; sourceTree = "<group>"; };
		9AE4E7021F04985700A5422F /* db005.h */ = {isa = PBXFileReference; lastKnownFileType = sourcecode.c.h; path = db005.h; sourceTree = "<group>"; };
		9AE4E7031F04985700A5422F /* ModelObject.m */ = {isa = PBXFileReference; lastKnownFileType = sourcecode.c.objc; path = ModelObject.m; sourceTree = "<group>"; };
		9AE4E7041F04985700A5422F /* db005.m */ = {isa = PBXFileReference; lastKnownFileType = sourcecode.c.objc; path = db005.m; sourceTree = "<group>"; };
		9AE4E7071F04989400A5422F /* PrefixHeader.pch */ = {isa = PBXFileReference; lastKnownFileType = sourcecode.c.h; path = PrefixHeader.pch; sourceTree = "<group>"; };
		9AE4E7091F049C5600A5422F /* DownSelectView.h */ = {isa = PBXFileReference; lastKnownFileType = sourcecode.c.h; path = DownSelectView.h; sourceTree = "<group>"; };
		9AE4E70A1F049C5600A5422F /* DownSelectView.m */ = {isa = PBXFileReference; lastKnownFileType = sourcecode.c.objc; path = DownSelectView.m; sourceTree = "<group>"; };
		9AE4E70B1F049C5600A5422F /* DYYFloatWindow.h */ = {isa = PBXFileReference; lastKnownFileType = sourcecode.c.h; path = DYYFloatWindow.h; sourceTree = "<group>"; };
		9AE4E70D1F049C5600A5422F /* DYYFloatWindow.m */ = {isa = PBXFileReference; lastKnownFileType = sourcecode.c.objc; path = DYYFloatWindow.m; sourceTree = "<group>"; };
		9AE4E7151F04EF4A00A5422F /* AppDefine.h */ = {isa = PBXFileReference; lastKnownFileType = sourcecode.c.h; path = AppDefine.h; sourceTree = "<group>"; };
		A0AC3D5F9509686F26A88A77 /* libPods-MemoryProject.a */ = {isa = PBXFileReference; explicitFileType = archive.ar; includeInIndex = 0; path = "libPods-MemoryProject.a"; sourceTree = BUILT_PRODUCTS_DIR; };
/* End PBXFileReference section */

/* Begin PBXFrameworksBuildPhase section */
		9AE4E6961F03EED700A5422F /* Frameworks */ = {
			isa = PBXFrameworksBuildPhase;
			buildActionMask = 2147483647;
			files = (
				AA49A06246CA91BDADE10909 /* libPods-MemoryProject.a in Frameworks */,
			);
			runOnlyForDeploymentPostprocessing = 0;
		};
/* End PBXFrameworksBuildPhase section */

/* Begin PBXGroup section */
		363878DCC9B7CBE1EA53A12D /* Pods */ = {
			isa = PBXGroup;
			children = (
				7AF39EE1F0EFD6A21CABA768 /* Pods-MemoryProject.debug.xcconfig */,
				679395C2996CA8C9C21D8DA9 /* Pods-MemoryProject.release.xcconfig */,
			);
			name = Pods;
			sourceTree = "<group>";
		};
		9AE4E6901F03EED700A5422F = {
			isa = PBXGroup;
			children = (
				9AE4E69B1F03EED700A5422F /* MemoryProject */,
				9AE4E69A1F03EED700A5422F /* Products */,
				363878DCC9B7CBE1EA53A12D /* Pods */,
				B2BA346D06CF0E1E2BC91C41 /* Frameworks */,
			);
			sourceTree = "<group>";
		};
		9AE4E69A1F03EED700A5422F /* Products */ = {
			isa = PBXGroup;
			children = (
				9AE4E6991F03EED700A5422F /* MemoryProject.app */,
			);
			name = Products;
			sourceTree = "<group>";
		};
		9AE4E69B1F03EED700A5422F /* MemoryProject */ = {
			isa = PBXGroup;
			children = (
				9AE4E6C71F0494FB00A5422F /* Controller */,
				9AE4E6C61F0494F600A5422F /* Model */,
				9AE4E6C51F0494EF00A5422F /* View */,
				9AE4E6C41F0494CB00A5422F /* Category */,
				9AE4E6C81F04966300A5422F /* Utility */,
				9AE4E69C1F03EED700A5422F /* AppDelegate.h */,
				9AE4E69D1F03EED700A5422F /* AppDelegate.m */,
				9AE4E6A51F03EED700A5422F /* Assets.xcassets */,
				9AE4E6A21F03EED700A5422F /* Main.storyboard */,
				9AE4E6AA1F03EED700A5422F /* Info.plist */,
				9AE4E6AB1F03EED700A5422F /* main.m */,
				9AE4E7071F04989400A5422F /* PrefixHeader.pch */,
			);
			path = MemoryProject;
			sourceTree = "<group>";
		};
		9AE4E6C41F0494CB00A5422F /* Category */ = {
			isa = PBXGroup;
			children = (
				9AE4E6E81F04975100A5422F /* NSData+Base64.h */,
				9AE4E6E31F04975100A5422F /* NSData+Base64.m */,
				9AE4E6E61F04975100A5422F /* NSData+CommonCrypto.h */,
				9AE4E6DE1F04975100A5422F /* NSData+CommonCrypto.m */,
				9AE4E6E51F04975100A5422F /* NSObject+Dictionary.h */,
				9AE4E6EA1F04975100A5422F /* NSObject+Dictionary.m */,
				9AE4E6E21F04975100A5422F /* NSString+Base64.h */,
				9AE4E6DF1F04975100A5422F /* NSString+Base64.m */,
				9AE4E6EB1F04975100A5422F /* NSString+Utility.h */,
				9AE4E6DD1F04975100A5422F /* NSString+Utility.m */,
				9AE4E6E11F04975100A5422F /* UIView+Utility.h */,
				9AE4E6E71F04975100A5422F /* UIView+Utility.m */,
				9AE4E6B61F03F60700A5422F /* UIColor+KYRandomColor.h */,
				9AE4E6B51F03F60700A5422F /* UIColor+KYRandomColor.m */,
			);
			path = Category;
			sourceTree = "<group>";
		};
		9AE4E6C51F0494EF00A5422F /* View */ = {
			isa = PBXGroup;
			children = (
				9AE4E7091F049C5600A5422F /* DownSelectView.h */,
				9AE4E70A1F049C5600A5422F /* DownSelectView.m */,
				9AE4E70B1F049C5600A5422F /* DYYFloatWindow.h */,
				9AE4E70D1F049C5600A5422F /* DYYFloatWindow.m */,
				9AE4E6B21F03F45B00A5422F /* ButtonCell.h */,
				9AE4E6B31F03F45B00A5422F /* ButtonCell.m */,
				9AE4E6BB1F03FAF400A5422F /* DetailCell.h */,
				9AE4E6BC1F03FAF400A5422F /* DetailCell.m */,
			);
			path = View;
			sourceTree = "<group>";
		};
		9AE4E6C61F0494F600A5422F /* Model */ = {
			isa = PBXGroup;
			children = (
				9AE4E7021F04985700A5422F /* db005.h */,
				9AE4E7041F04985700A5422F /* db005.m */,
				9AE4E7011F04985700A5422F /* ModelObject.h */,
				9AE4E7031F04985700A5422F /* ModelObject.m */,
			);
			path = Model;
			sourceTree = "<group>";
		};
		9AE4E6C71F0494FB00A5422F /* Controller */ = {
			isa = PBXGroup;
			children = (
				9AE4E69F1F03EED700A5422F /* ViewController.h */,
				9AE4E6A01F03EED700A5422F /* ViewController.m */,
				9A1068D91F060FB90016F605 /* DetailTVController.h */,
				9A1068DA1F060FB90016F605 /* DetailTVController.m */,
				9AE4E6BE1F04019F00A5422F /* SubDetailViewController.h */,
				9AE4E6BF1F04019F00A5422F /* SubDetailViewController.m */,
				9AE4E6C11F04043F00A5422F /* AddViewController.h */,
				9AE4E6C21F04043F00A5422F /* AddViewController.m */,
				9A1068DD1F0746DA0016F605 /* NavigationController.h */,
				9A1068DE1F0746DA0016F605 /* NavigationController.m */,
				9A9E31711F08985B009E630F /* AboutViewController.h */,
				9A9E31721F08985B009E630F /* AboutViewController.m */,
			);
			path = Controller;
			sourceTree = "<group>";
		};
		9AE4E6C81F04966300A5422F /* Utility */ = {
			isa = PBXGroup;
			children = (
				9AE4E6FE1F0497D100A5422F /* Utility.h */,
				9AE4E6EC1F04975B00A5422F /* Encrypt */,
				9AE4E6F41F04975B00A5422F /* DBManager.h */,
				9AE4E6F31F04975B00A5422F /* DBManager.m */,
				9AE4E6F11F04975B00A5422F /* EnumDataType.h */,
				9AE4E6F01F04975B00A5422F /* StoreManager.h */,
				9AE4E6F21F04975B00A5422F /* StoreManager.m */,
				9AE4E7151F04EF4A00A5422F /* AppDefine.h */,
			);
			path = Utility;
			sourceTree = "<group>";
		};
		9AE4E6EC1F04975B00A5422F /* Encrypt */ = {
			isa = PBXGroup;
			children = (
				9AE4E6ED1F04975B00A5422F /* AESCrypt.h */,
				9AE4E6EE1F04975B00A5422F /* AESCrypt.m */,
				9AE4E6EF1F04975B00A5422F /* Encrypt.h */,
			);
			path = Encrypt;
			sourceTree = "<group>";
		};
		B2BA346D06CF0E1E2BC91C41 /* Frameworks */ = {
			isa = PBXGroup;
			children = (
				9A5452781F07E044003D8461 /* MessageUI.framework */,
				9AE4E7001F04982100A5422F /* libsqlite3.0.tbd */,
				9AE4E6FF1F04981500A5422F /* LocalAuthentication.framework */,
				A0AC3D5F9509686F26A88A77 /* libPods-MemoryProject.a */,
			);
			name = Frameworks;
			sourceTree = "<group>";
		};
/* End PBXGroup section */

/* Begin PBXNativeTarget section */
		9AE4E6981F03EED700A5422F /* MemoryProject */ = {
			isa = PBXNativeTarget;
			buildConfigurationList = 9AE4E6AF1F03EED700A5422F /* Build configuration list for PBXNativeTarget "MemoryProject" */;
			buildPhases = (
				0C38F5A32BE9BBC9AF9AC3FC /* [CP] Check Pods Manifest.lock */,
				9AE4E6951F03EED700A5422F /* Sources */,
				9AE4E6961F03EED700A5422F /* Frameworks */,
				9AE4E6971F03EED700A5422F /* Resources */,
				D4D8A8EA7E0DAB0BD0C9F772 /* [CP] Embed Pods Frameworks */,
				6038FA19E1C1DABB3712D62E /* [CP] Copy Pods Resources */,
			);
			buildRules = (
			);
			dependencies = (
			);
			name = MemoryProject;
			productName = MemoryProject;
			productReference = 9AE4E6991F03EED700A5422F /* MemoryProject.app */;
			productType = "com.apple.product-type.application";
		};
/* End PBXNativeTarget section */

/* Begin PBXProject section */
		9AE4E6911F03EED700A5422F /* Project object */ = {
			isa = PBXProject;
			attributes = {
				LastUpgradeCheck = 0900;
				ORGANIZATIONNAME = chliu.brook;
				TargetAttributes = {
					9AE4E6981F03EED700A5422F = {
						CreatedOnToolsVersion = 9.0;
						ProvisioningStyle = Manual;
					};
				};
			};
			buildConfigurationList = 9AE4E6941F03EED700A5422F /* Build configuration list for PBXProject "MemoryProject" */;
			compatibilityVersion = "Xcode 8.0";
			developmentRegion = en;
			hasScannedForEncodings = 0;
			knownRegions = (
				en,
				Base,
			);
			mainGroup = 9AE4E6901F03EED700A5422F;
			productRefGroup = 9AE4E69A1F03EED700A5422F /* Products */;
			projectDirPath = "";
			projectRoot = "";
			targets = (
				9AE4E6981F03EED700A5422F /* MemoryProject */,
			);
		};
/* End PBXProject section */

/* Begin PBXResourcesBuildPhase section */
		9AE4E6971F03EED700A5422F /* Resources */ = {
			isa = PBXResourcesBuildPhase;
			buildActionMask = 2147483647;
			files = (
				9AE4E6A61F03EED700A5422F /* Assets.xcassets in Resources */,
				9AE4E6A41F03EED700A5422F /* Main.storyboard in Resources */,
			);
			runOnlyForDeploymentPostprocessing = 0;
		};
/* End PBXResourcesBuildPhase section */

/* Begin PBXShellScriptBuildPhase section */
		0C38F5A32BE9BBC9AF9AC3FC /* [CP] Check Pods Manifest.lock */ = {
			isa = PBXShellScriptBuildPhase;
			buildActionMask = 2147483647;
			files = (
			);
			inputPaths = (
				"${PODS_PODFILE_DIR_PATH}/Podfile.lock",
				"${PODS_ROOT}/Manifest.lock",
			);
			name = "[CP] Check Pods Manifest.lock";
			outputPaths = (
				"$(DERIVED_FILE_DIR)/Pods-MemoryProject-checkManifestLockResult.txt",
			);
			runOnlyForDeploymentPostprocessing = 0;
			shellPath = /bin/sh;
			shellScript = "diff \"${PODS_PODFILE_DIR_PATH}/Podfile.lock\" \"${PODS_ROOT}/Manifest.lock\" > /dev/null\nif [ $? != 0 ] ; then\n    # print error to STDERR\n    echo \"error: The sandbox is not in sync with the Podfile.lock. Run 'pod install' or update your CocoaPods installation.\" >&2\n    exit 1\nfi\n# This output is used by Xcode 'outputs' to avoid re-running this script phase.\necho \"SUCCESS\" > \"${SCRIPT_OUTPUT_FILE_0}\"\n";
			showEnvVarsInLog = 0;
		};
		6038FA19E1C1DABB3712D62E /* [CP] Copy Pods Resources */ = {
			isa = PBXShellScriptBuildPhase;
			buildActionMask = 2147483647;
			files = (
			);
			inputPaths = (
				"${SRCROOT}/Pods/Target Support Files/Pods-MemoryProject/Pods-MemoryProject-resources.sh",
				"${PODS_ROOT}/IQKeyboardManager/IQKeyboardManager/Resources/IQKeyboardManager.bundle",
			);
			name = "[CP] Copy Pods Resources";
			outputPaths = (
				"${TARGET_BUILD_DIR}/${UNLOCALIZED_RESOURCES_FOLDER_PATH}",
			);
			runOnlyForDeploymentPostprocessing = 0;
			shellPath = /bin/sh;
			shellScript = "\"${SRCROOT}/Pods/Target Support Files/Pods-MemoryProject/Pods-MemoryProject-resources.sh\"\n";
			showEnvVarsInLog = 0;
		};
		D4D8A8EA7E0DAB0BD0C9F772 /* [CP] Embed Pods Frameworks */ = {
			isa = PBXShellScriptBuildPhase;
			buildActionMask = 2147483647;
			files = (
			);
			inputPaths = (
			);
			name = "[CP] Embed Pods Frameworks";
			outputPaths = (
			);
			runOnlyForDeploymentPostprocessing = 0;
			shellPath = /bin/sh;
			shellScript = "\"${SRCROOT}/Pods/Target Support Files/Pods-MemoryProject/Pods-MemoryProject-frameworks.sh\"\n";
			showEnvVarsInLog = 0;
		};
/* End PBXShellScriptBuildPhase section */

/* Begin PBXSourcesBuildPhase section */
		9AE4E6951F03EED700A5422F /* Sources */ = {
			isa = PBXSourcesBuildPhase;
			buildActionMask = 2147483647;
			files = (
				9AE4E6FC1F04979300A5422F /* NSString+Utility.m in Sources */,
				9AE4E7051F04986100A5422F /* db005.m in Sources */,
				9AE4E7111F049C5F00A5422F /* DYYFloatWindow.m in Sources */,
				9AE4E6C01F04019F00A5422F /* SubDetailViewController.m in Sources */,
				9AE4E6A11F03EED700A5422F /* ViewController.m in Sources */,
				9AE4E6F51F04976200A5422F /* AESCrypt.m in Sources */,
				9AE4E6FA1F04978C00A5422F /* NSObject+Dictionary.m in Sources */,
				9AE4E6FB1F04979100A5422F /* NSString+Base64.m in Sources */,
				9A1068DF1F0746DA0016F605 /* NavigationController.m in Sources */,
				9AE4E6AC1F03EED700A5422F /* main.m in Sources */,
				9AE4E6B71F03F60D00A5422F /* UIColor+KYRandomColor.m in Sources */,
				9AE4E69E1F03EED700A5422F /* AppDelegate.m in Sources */,
				9AE4E6F91F04978200A5422F /* NSData+CommonCrypto.m in Sources */,
				9AE4E6B41F03F45B00A5422F /* ButtonCell.m in Sources */,
				9A1068DB1F060FB90016F605 /* DetailTVController.m in Sources */,
				9AE4E7061F04986500A5422F /* ModelObject.m in Sources */,
				9AE4E6F61F04976800A5422F /* DBManager.m in Sources */,
				9AE4E6BD1F03FAF400A5422F /* DetailCell.m in Sources */,
				9A9E31731F08985B009E630F /* AboutViewController.m in Sources */,
				9AE4E7101F049C5C00A5422F /* DownSelectView.m in Sources */,
				9AE4E6FD1F0497A800A5422F /* UIView+Utility.m in Sources */,
				9AE4E6F71F04977000A5422F /* StoreManager.m in Sources */,
				9AE4E6F81F04977F00A5422F /* NSData+Base64.m in Sources */,
				9AE4E6C31F04043F00A5422F /* AddViewController.m in Sources */,
			);
			runOnlyForDeploymentPostprocessing = 0;
		};
/* End PBXSourcesBuildPhase section */

/* Begin PBXVariantGroup section */
		9AE4E6A21F03EED700A5422F /* Main.storyboard */ = {
			isa = PBXVariantGroup;
			children = (
				9AE4E6A31F03EED700A5422F /* Base */,
			);
			name = Main.storyboard;
			sourceTree = "<group>";
		};
/* End PBXVariantGroup section */

/* Begin XCBuildConfiguration section */
		9AE4E6AD1F03EED700A5422F /* Debug */ = {
			isa = XCBuildConfiguration;
			buildSettings = {
				ALWAYS_SEARCH_USER_PATHS = NO;
				CLANG_ANALYZER_NONNULL = YES;
				CLANG_ANALYZER_NUMBER_OBJECT_CONVERSION = YES_AGGRESSIVE;
				CLANG_CXX_LANGUAGE_STANDARD = "gnu++14";
				CLANG_CXX_LIBRARY = "libc++";
				CLANG_ENABLE_MODULES = YES;
				CLANG_ENABLE_OBJC_ARC = YES;
				CLANG_WARN_BLOCK_CAPTURE_AUTORELEASING = YES;
				CLANG_WARN_BOOL_CONVERSION = YES;
				CLANG_WARN_COMMA = YES;
				CLANG_WARN_CONSTANT_CONVERSION = YES;
				CLANG_WARN_DIRECT_OBJC_ISA_USAGE = YES_ERROR;
				CLANG_WARN_DOCUMENTATION_COMMENTS = YES;
				CLANG_WARN_EMPTY_BODY = YES;
				CLANG_WARN_ENUM_CONVERSION = YES;
				CLANG_WARN_INFINITE_RECURSION = YES;
				CLANG_WARN_INT_CONVERSION = YES;
				CLANG_WARN_NON_LITERAL_NULL_CONVERSION = YES;
				CLANG_WARN_OBJC_LITERAL_CONVERSION = YES;
				CLANG_WARN_OBJC_ROOT_CLASS = YES_ERROR;
				CLANG_WARN_RANGE_LOOP_ANALYSIS = YES;
				CLANG_WARN_STRICT_PROTOTYPES = YES;
				CLANG_WARN_SUSPICIOUS_MOVE = YES;
				CLANG_WARN_UNGUARDED_AVAILABILITY = YES_AGGRESSIVE;
				CLANG_WARN_UNREACHABLE_CODE = YES;
				CLANG_WARN__DUPLICATE_METHOD_MATCH = YES;
				CODE_SIGN_IDENTITY = "iPhone Developer";
				COPY_PHASE_STRIP = NO;
				DEBUG_INFORMATION_FORMAT = dwarf;
				ENABLE_STRICT_OBJC_MSGSEND = YES;
				ENABLE_TESTABILITY = YES;
				GCC_C_LANGUAGE_STANDARD = gnu11;
				GCC_DYNAMIC_NO_PIC = NO;
				GCC_NO_COMMON_BLOCKS = YES;
				GCC_OPTIMIZATION_LEVEL = 0;
				GCC_PREPROCESSOR_DEFINITIONS = (
					"DEBUG=1",
					"$(inherited)",
				);
				GCC_WARN_64_TO_32_BIT_CONVERSION = YES;
				GCC_WARN_ABOUT_RETURN_TYPE = YES_ERROR;
				GCC_WARN_UNDECLARED_SELECTOR = YES;
				GCC_WARN_UNINITIALIZED_AUTOS = YES_AGGRESSIVE;
				GCC_WARN_UNUSED_FUNCTION = YES;
				GCC_WARN_UNUSED_VARIABLE = YES;
				IPHONEOS_DEPLOYMENT_TARGET = 8.0;
				MTL_ENABLE_DEBUG_INFO = YES;
				ONLY_ACTIVE_ARCH = YES;
				SDKROOT = iphoneos;
			};
			name = Debug;
		};
		9AE4E6AE1F03EED700A5422F /* Release */ = {
			isa = XCBuildConfiguration;
			buildSettings = {
				ALWAYS_SEARCH_USER_PATHS = NO;
				CLANG_ANALYZER_NONNULL = YES;
				CLANG_ANALYZER_NUMBER_OBJECT_CONVERSION = YES_AGGRESSIVE;
				CLANG_CXX_LANGUAGE_STANDARD = "gnu++14";
				CLANG_CXX_LIBRARY = "libc++";
				CLANG_ENABLE_MODULES = YES;
				CLANG_ENABLE_OBJC_ARC = YES;
				CLANG_WARN_BLOCK_CAPTURE_AUTORELEASING = YES;
				CLANG_WARN_BOOL_CONVERSION = YES;
				CLANG_WARN_COMMA = YES;
				CLANG_WARN_CONSTANT_CONVERSION = YES;
				CLANG_WARN_DIRECT_OBJC_ISA_USAGE = YES_ERROR;
				CLANG_WARN_DOCUMENTATION_COMMENTS = YES;
				CLANG_WARN_EMPTY_BODY = YES;
				CLANG_WARN_ENUM_CONVERSION = YES;
				CLANG_WARN_INFINITE_RECURSION = YES;
				CLANG_WARN_INT_CONVERSION = YES;
				CLANG_WARN_NON_LITERAL_NULL_CONVERSION = YES;
				CLANG_WARN_OBJC_LITERAL_CONVERSION = YES;
				CLANG_WARN_OBJC_ROOT_CLASS = YES_ERROR;
				CLANG_WARN_RANGE_LOOP_ANALYSIS = YES;
				CLANG_WARN_STRICT_PROTOTYPES = YES;
				CLANG_WARN_SUSPICIOUS_MOVE = YES;
				CLANG_WARN_UNGUARDED_AVAILABILITY = YES_AGGRESSIVE;
				CLANG_WARN_UNREACHABLE_CODE = YES;
				CLANG_WARN__DUPLICATE_METHOD_MATCH = YES;
				CODE_SIGN_IDENTITY = "iPhone Developer";
				COPY_PHASE_STRIP = NO;
				DEBUG_INFORMATION_FORMAT = "dwarf-with-dsym";
				ENABLE_NS_ASSERTIONS = NO;
				ENABLE_STRICT_OBJC_MSGSEND = YES;
				GCC_C_LANGUAGE_STANDARD = gnu11;
				GCC_NO_COMMON_BLOCKS = YES;
				GCC_WARN_64_TO_32_BIT_CONVERSION = YES;
				GCC_WARN_ABOUT_RETURN_TYPE = YES_ERROR;
				GCC_WARN_UNDECLARED_SELECTOR = YES;
				GCC_WARN_UNINITIALIZED_AUTOS = YES_AGGRESSIVE;
				GCC_WARN_UNUSED_FUNCTION = YES;
				GCC_WARN_UNUSED_VARIABLE = YES;
				IPHONEOS_DEPLOYMENT_TARGET = 8.0;
				MTL_ENABLE_DEBUG_INFO = NO;
				SDKROOT = iphoneos;
				VALIDATE_PRODUCT = YES;
			};
			name = Release;
		};
		9AE4E6B01F03EED700A5422F /* Debug */ = {
			isa = XCBuildConfiguration;
			baseConfigurationReference = 7AF39EE1F0EFD6A21CABA768 /* Pods-MemoryProject.debug.xcconfig */;
			buildSettings = {
				ASSETCATALOG_COMPILER_APPICON_NAME = AppIcon;
				ASSETCATALOG_COMPILER_LAUNCHIMAGE_NAME = LaunchImage;
				"CODE_SIGN_IDENTITY[sdk=iphoneos*]" = "iPhone Developer";
				CODE_SIGN_STYLE = Manual;
				DEVELOPMENT_TEAM = MB5N7U28ZR;
				GCC_PRECOMPILE_PREFIX_HEADER = YES;
				GCC_PREFIX_HEADER = "$(TARGET_NAME)/PrefixHeader.pch";
				INFOPLIST_FILE = MemoryProject/Info.plist;
				IPHONEOS_DEPLOYMENT_TARGET = 8.0;
				LD_RUNPATH_SEARCH_PATHS = "$(inherited) @executable_path/Frameworks";
				PRODUCT_BUNDLE_IDENTIFIER = com.brook.memoryDev;
				PRODUCT_NAME = "$(TARGET_NAME)";
				PROVISIONING_PROFILE = "53f4de06-168b-4761-9b38-58d14905b1d4";
				PROVISIONING_PROFILE_SPECIFIER = com.brook.memoryDev;
				TARGETED_DEVICE_FAMILY = 1;
			};
			name = Debug;
		};
		9AE4E6B11F03EED700A5422F /* Release */ = {
			isa = XCBuildConfiguration;
			baseConfigurationReference = 679395C2996CA8C9C21D8DA9 /* Pods-MemoryProject.release.xcconfig */;
			buildSettings = {
				ASSETCATALOG_COMPILER_APPICON_NAME = AppIcon;
				ASSETCATALOG_COMPILER_LAUNCHIMAGE_NAME = LaunchImage;
				"CODE_SIGN_IDENTITY[sdk=iphoneos*]" = "iPhone Developer";
				CODE_SIGN_STYLE = Manual;
				DEVELOPMENT_TEAM = MB5N7U28ZR;
				GCC_PRECOMPILE_PREFIX_HEADER = YES;
				GCC_PREFIX_HEADER = "$(TARGET_NAME)/PrefixHeader.pch";
				INFOPLIST_FILE = MemoryProject/Info.plist;
				IPHONEOS_DEPLOYMENT_TARGET = 8.0;
				LD_RUNPATH_SEARCH_PATHS = "$(inherited) @executable_path/Frameworks";
				PRODUCT_BUNDLE_IDENTIFIER = com.brook.memoryDev;
				PRODUCT_NAME = "$(TARGET_NAME)";
				PROVISIONING_PROFILE = "53f4de06-168b-4761-9b38-58d14905b1d4";
				PROVISIONING_PROFILE_SPECIFIER = com.brook.memoryDev;
				TARGETED_DEVICE_FAMILY = 1;
			};
			name = Release;
		};
/* End XCBuildConfiguration section */

/* Begin XCConfigurationList section */
		9AE4E6941F03EED700A5422F /* Build configuration list for PBXProject "MemoryProject" */ = {
			isa = XCConfigurationList;
			buildConfigurations = (
				9AE4E6AD1F03EED700A5422F /* Debug */,
				9AE4E6AE1F03EED700A5422F /* Release */,
			);
			defaultConfigurationIsVisible = 0;
			defaultConfigurationName = Release;
		};
		9AE4E6AF1F03EED700A5422F /* Build configuration list for PBXNativeTarget "MemoryProject" */ = {
			isa = XCConfigurationList;
			buildConfigurations = (
				9AE4E6B01F03EED700A5422F /* Debug */,
				9AE4E6B11F03EED700A5422F /* Release */,
			);
			defaultConfigurationIsVisible = 0;
			defaultConfigurationName = Release;
		};
/* End XCConfigurationList section */
	};
	rootObject = 9AE4E6911F03EED700A5422F /* Project object */;
}
